
Microsoft Visual Studio Solution File, Format Version 12.00
Project("{FAE04EC0-301F-11D3-BF4B-00C04F79EFBC}") = "Account.API", "Services\Account\Account.API\Account.API.csproj", "{38CAB97F-F1E7-4287-8F34-A50549B96C05}"
EndProject
Project("{FAE04EC0-301F-11D3-BF4B-00C04F79EFBC}") = "Identity.API", "Identity\Identity.API\Identity.API.csproj", "{93BF7E5B-5F7B-44E9-8E6F-BB24D114C92C}"
EndProject
Global
	GlobalSection(SolutionConfigurationPlatforms) = preSolution
		Debug|Any CPU = Debug|Any CPU
		Release|Any CPU = Release|Any CPU
	EndGlobalSection
	GlobalSection(ProjectConfigurationPlatforms) = postSolution
		{38CAB97F-F1E7-4287-8F34-A50549B96C05}.Debug|Any CPU.ActiveCfg = Debug|Any CPU
		{38CAB97F-F1E7-4287-8F34-A50549B96C05}.Debug|Any CPU.Build.0 = Debug|Any CPU
		{38CAB97F-F1E7-4287-8F34-A50549B96C05}.Release|Any CPU.ActiveCfg = Release|Any CPU
		{38CAB97F-F1E7-4287-8F34-A50549B96C05}.Release|Any CPU.Build.0 = Release|Any CPU
		{93BF7E5B-5F7B-44E9-8E6F-BB24D114C92C}.Debug|Any CPU.ActiveCfg = Debug|Any CPU
		{93BF7E5B-5F7B-44E9-8E6F-BB24D114C92C}.Debug|Any CPU.Build.0 = Debug|Any CPU
		{93BF7E5B-5F7B-44E9-8E6F-BB24D114C92C}.Release|Any CPU.ActiveCfg = Release|Any CPU
		{93BF7E5B-5F7B-44E9-8E6F-BB24D114C92C}.Release|Any CPU.Build.0 = Release|Any CPU
	EndGlobalSection
EndGlobal
